Microsoft Visual Studio Solution File, Format Version 11.00
# Visual Studio 2008

Project("{B56899C1-EB3E-5DB2-1609-530BCC4DCE2A}") = "WalmartNewThree", "Assembly-CSharp.csproj", "{39D6A872-861A-63E8-7EAE-DB7C323136E5}"
EndProject
Project("{B56899C1-EB3E-5DB2-1609-530BCC4DCE2A}") = "WalmartNewThree", "Assembly-CSharp-Editor.csproj", "{5F15AA7D-D811-DB1C-C49C-48FCBD16F702}"
EndProject
Global
	GlobalSection(SolutionConfigurationPlatforms) = preSolution
		Debug|Any CPU = Debug|Any CPU
		Release|Any CPU = Release|Any CPU
	EndGlobalSection
	GlobalSection(ProjectConfigurationPlatforms) = postSolution
		{39D6A872-861A-63E8-7EAE-DB7C323136E5}.Debug|Any CPU.ActiveCfg = Debug|Any CPU
		{39D6A872-861A-63E8-7EAE-DB7C323136E5}.Debug|Any CPU.Build.0 = Debug|Any CPU
		{39D6A872-861A-63E8-7EAE-DB7C323136E5}.Release|Any CPU.ActiveCfg = Release|Any CPU
		{39D6A872-861A-63E8-7EAE-DB7C323136E5}.Release|Any CPU.Build.0 = Release|Any CPU
		{5F15AA7D-D811-DB1C-C49C-48FCBD16F702}.Debug|Any CPU.ActiveCfg = Debug|Any CPU
		{5F15AA7D-D811-DB1C-C49C-48FCBD16F702}.Debug|Any CPU.Build.0 = Debug|Any CPU
		{5F15AA7D-D811-DB1C-C49C-48FCBD16F702}.Release|Any CPU.ActiveCfg = Release|Any CPU
		{5F15AA7D-D811-DB1C-C49C-48FCBD16F702}.Release|Any CPU.Build.0 = Release|Any CPU
	EndGlobalSection
	GlobalSection(SolutionProperties) = preSolution
		HideSolutionNode = FALSE
	EndGlobalSection
	GlobalSection(MonoDevelopProperties) = preSolution
		StartupItem = Assembly-CSharp.csproj
	EndGlobalSection
EndGlobal
